
Microsoft Visual Studio Solution File, Format Version 12.00
# Visual Studio 14
VisualStudioVersion = 14.0.25420.1
MinimumVisualStudioVersion = 10.0.40219.1
Project("{FAE04EC0-301F-11D3-BF4B-00C04F79EFBC}") = "BegC-chap1-consoleapp", "BegC-chap1-consoleapp\BegC-chap1-consoleapp.csproj", "{ACFD12D8-5CC2-4E3C-AC0C-642F6E6830CB}"
EndProject
Global
	GlobalSection(SolutionConfigurationPlatforms) = preSolution
		Debug|Any CPU = Debug|Any CPU
		Release|Any CPU = Release|Any CPU
	EndGlobalSection
	GlobalSection(ProjectConfigurationPlatforms) = postSolution
		{ACFD12D8-5CC2-4E3C-AC0C-642F6E6830CB}.Debug|Any CPU.ActiveCfg = Debug|Any CPU
		{ACFD12D8-5CC2-4E3C-AC0C-642F6E6830CB}.Debug|Any CPU.Build.0 = Debug|Any CPU
		{ACFD12D8-5CC2-4E3C-AC0C-642F6E6830CB}.Release|Any CPU.ActiveCfg = Release|Any CPU
		{ACFD12D8-5CC2-4E3C-AC0C-642F6E6830CB}.Release|Any CPU.Build.0 = Release|Any CPU
	EndGlobalSection
	GlobalSection(SolutionProperties) = preSolution
		HideSolutionNode = FALSE
	EndGlobalSection
EndGlobal
